
Microsoft Visual Studio Solution File, Format Version 12.00
# Visual Studio Version 17
VisualStudioVersion = 17.5.001.0
MinimumVisualStudioVersion = 10.0.40219.1
Project("{9A19103F-16F7-4668-BE54-9A1E7A4F7556}") = "Task10", "Task10.csproj", "{3C29A5EB-E936-491D-9AE8-4161BB6B5F98}"
EndProject
Global
	GlobalSection(SolutionConfigurationPlatforms) = preSolution
		Debug|Any CPU = Debug|Any CPU
		Release|Any CPU = Release|Any CPU
	EndGlobalSection
	GlobalSection(ProjectConfigurationPlatforms) = postSolution
		{3C29A5EB-E936-491D-9AE8-4161BB6B5F98}.Debug|Any CPU.ActiveCfg = Debug|Any CPU
		{3C29A5EB-E936-491D-9AE8-4161BB6B5F98}.Debug|Any CPU.Build.0 = Debug|Any CPU
		{3C29A5EB-E936-491D-9AE8-4161BB6B5F98}.Release|Any CPU.ActiveCfg = Release|Any CPU
		{3C29A5EB-E936-491D-9AE8-4161BB6B5F98}.Release|Any CPU.Build.0 = Release|Any CPU
	EndGlobalSection
	GlobalSection(SolutionProperties) = preSolution
		HideSolutionNode = FALSE
	EndGlobalSection
	GlobalSection(ExtensibilityGlobals) = postSolution
		SolutionGuid = {0D9D04FA-62AB-472D-AAA7-BB9B06EEE8C3}
	EndGlobalSection
EndGlobal
